
Microsoft Visual Studio Solution File, Format Version 12.00
# Visual Studio Version 17
VisualStudioVersion = 17.14.37216.2 d17.14
MinimumVisualStudioVersion = 10.0.40219.1
Project("{FAE04EC0-301F-11D3-BF4B-00C04F79EFBC}") = "RecordShop", "RecordShop\RecordShop.csproj", "{0B1C202B-4F23-48E4-86F2-92350BF3140E}"
EndProject
Global
	GlobalSection(SolutionConfigurationPlatforms) = preSolution
		Debug|Any CPU = Debug|Any CPU
		Release|Any CPU = Release|Any CPU
	EndGlobalSection
	GlobalSection(ProjectConfigurationPlatforms) = postSolution
		{0B1C202B-4F23-48E4-86F2-92350BF3140E}.Debug|Any CPU.ActiveCfg = Debug|Any CPU
		{0B1C202B-4F23-48E4-86F2-92350BF3140E}.Debug|Any CPU.Build.0 = Debug|Any CPU
		{0B1C202B-4F23-48E4-86F2-92350BF3140E}.Release|Any CPU.ActiveCfg = Release|Any CPU
		{0B1C202B-4F23-48E4-86F2-92350BF3140E}.Release|Any CPU.Build.0 = Release|Any CPU
	EndGlobalSection
	GlobalSection(SolutionProperties) = preSolution
		HideSolutionNode = FALSE
	EndGlobalSection
	GlobalSection(ExtensibilityGlobals) = postSolution
		SolutionGuid = {82F18786-354B-4190-B82D-21E81B4F9FEE}
	EndGlobalSection
EndGlobal
